
Microsoft Visual Studio Solution File, Format Version 12.00
# Visual Studio Version 17
VisualStudioVersion = 17.6.33815.320
MinimumVisualStudioVersion = 10.0.40219.1
Project("{FAE04EC0-301F-11D3-BF4B-00C04F79EFBC}") = "Kalkulator", "Kalkulator\Kalkulator.csproj", "{DE9299FE-F61B-4E74-A158-121BD94C6D86}"
EndProject
Global
	GlobalSection(SolutionConfigurationPlatforms) = preSolution
		Debug|Any CPU = Debug|Any CPU
		Release|Any CPU = Release|Any CPU
	EndGlobalSection
	GlobalSection(ProjectConfigurationPlatforms) = postSolution
		{DE9299FE-F61B-4E74-A158-121BD94C6D86}.Debug|Any CPU.ActiveCfg = Debug|Any CPU
		{DE9299FE-F61B-4E74-A158-121BD94C6D86}.Debug|Any CPU.Build.0 = Debug|Any CPU
		{DE9299FE-F61B-4E74-A158-121BD94C6D86}.Release|Any CPU.ActiveCfg = Release|Any CPU
		{DE9299FE-F61B-4E74-A158-121BD94C6D86}.Release|Any CPU.Build.0 = Release|Any CPU
	EndGlobalSection
	GlobalSection(SolutionProperties) = preSolution
		HideSolutionNode = FALSE
	EndGlobalSection
	GlobalSection(ExtensibilityGlobals) = postSolution
		SolutionGuid = {3A3915D6-8DF3-4E94-8897-DF27FE780CFE}
	EndGlobalSection
EndGlobal
